
Microsoft Visual Studio Solution File, Format Version 12.00
# Visual Studio 15
VisualStudioVersion = 15.0.26020.0
MinimumVisualStudioVersion = 10.0.40219.1
Project("{D954291E-2A0B-460D-934E-DC6B0785DB48}") = "Glyphfriend.Core", "src\Glyphfriend.Core\Glyphfriend.Core.shproj", "{8189A63E-D159-4195-BE2E-D44B022B45AB}"
EndProject
Project("{FAE04EC0-301F-11D3-BF4B-00C04F79EFBC}") = "Glyphfriend.Packager", "src\Glyphfriend.Packager\Glyphfriend.Packager.csproj", "{1D2D5AC8-59A5-4A8C-AA3C-FD11CB385D5E}"
EndProject
Project("{FAE04EC0-301F-11D3-BF4B-00C04F79EFBC}") = "Glyphfriend.VS2017", "src\Glyphfriend.VS2017\Glyphfriend.VS2017.csproj", "{D1402395-BE4D-4C7F-A5A2-A5EC6AC57F8E}"
	ProjectSection(ProjectDependencies) = postProject
		{1D2D5AC8-59A5-4A8C-AA3C-FD11CB385D5E} = {1D2D5AC8-59A5-4A8C-AA3C-FD11CB385D5E}
	EndProjectSection
EndProject
Project("{FAE04EC0-301F-11D3-BF4B-00C04F79EFBC}") = "Glyphfriend.VS2015", "src\Glyphfriend.VS2015\Glyphfriend.VS2015.csproj", "{FA04448A-6A92-45F6-904B-683029DE66A3}"
	ProjectSection(ProjectDependencies) = postProject
		{1D2D5AC8-59A5-4A8C-AA3C-FD11CB385D5E} = {1D2D5AC8-59A5-4A8C-AA3C-FD11CB385D5E}
	EndProjectSection
EndProject
Global
	GlobalSection(SharedMSBuildProjectFiles) = preSolution
		src\Glyphfriend.Core\Glyphfriend.Core.projitems*{8189a63e-d159-4195-be2e-d44b022b45ab}*SharedItemsImports = 13
		src\Glyphfriend.Core\Glyphfriend.Core.projitems*{d1402395-be4d-4c7f-a5a2-a5ec6ac57f8e}*SharedItemsImports = 4
		src\Glyphfriend.Core\Glyphfriend.Core.projitems*{fa04448a-6a92-45f6-904b-683029de66a3}*SharedItemsImports = 4
	EndGlobalSection
	GlobalSection(SolutionConfigurationPlatforms) = preSolution
		Debug|Any CPU = Debug|Any CPU
		Release|Any CPU = Release|Any CPU
	EndGlobalSection
	GlobalSection(ProjectConfigurationPlatforms) = postSolution
		{1D2D5AC8-59A5-4A8C-AA3C-FD11CB385D5E}.Debug|Any CPU.ActiveCfg = Debug|Any CPU
		{1D2D5AC8-59A5-4A8C-AA3C-FD11CB385D5E}.Debug|Any CPU.Build.0 = Debug|Any CPU
		{1D2D5AC8-59A5-4A8C-AA3C-FD11CB385D5E}.Release|Any CPU.ActiveCfg = Release|Any CPU
		{1D2D5AC8-59A5-4A8C-AA3C-FD11CB385D5E}.Release|Any CPU.Build.0 = Release|Any CPU
		{D1402395-BE4D-4C7F-A5A2-A5EC6AC57F8E}.Debug|Any CPU.ActiveCfg = Debug|Any CPU
		{D1402395-BE4D-4C7F-A5A2-A5EC6AC57F8E}.Debug|Any CPU.Build.0 = Debug|Any CPU
		{D1402395-BE4D-4C7F-A5A2-A5EC6AC57F8E}.Release|Any CPU.ActiveCfg = Release|Any CPU
		{D1402395-BE4D-4C7F-A5A2-A5EC6AC57F8E}.Release|Any CPU.Build.0 = Release|Any CPU
		{FA04448A-6A92-45F6-904B-683029DE66A3}.Debug|Any CPU.ActiveCfg = Debug|Any CPU
		{FA04448A-6A92-45F6-904B-683029DE66A3}.Debug|Any CPU.Build.0 = Debug|Any CPU
		{FA04448A-6A92-45F6-904B-683029DE66A3}.Release|Any CPU.ActiveCfg = Release|Any CPU
		{FA04448A-6A92-45F6-904B-683029DE66A3}.Release|Any CPU.Build.0 = Release|Any CPU
	EndGlobalSection
	GlobalSection(SolutionProperties) = preSolution
		HideSolutionNode = FALSE
	EndGlobalSection
EndGlobal
